// !$*UTF8*$!
{
	archiveVersion = 1;
	classes = {
	};
	objectVersion = 56;
	objects = {

/* Begin PBXBuildFile section */
		AD0B6B762BC417AC007F66D2 /* CookleApp.swift in Sources */ = {isa = PBXBuildFile; fileRef = AD0B6B752BC417AC007F66D2 /* CookleApp.swift */; };
		AD0B6B782BC417AC007F66D2 /* ContentView.swift in Sources */ = {isa = PBXBuildFile; fileRef = AD0B6B772BC417AC007F66D2 /* ContentView.swift */; };
		AD0B6B7A2BC417AC007F66D2 /* Recipe.swift in Sources */ = {isa = PBXBuildFile; fileRef = AD0B6B792BC417AC007F66D2 /* Recipe.swift */; };
		AD0B6B7C2BC417AD007F66D2 /* Assets.xcassets in Resources */ = {isa = PBXBuildFile; fileRef = AD0B6B7B2BC417AD007F66D2 /* Assets.xcassets */; };
		AD0B6B7F2BC417AD007F66D2 /* Preview Assets.xcassets in Resources */ = {isa = PBXBuildFile; fileRef = AD0B6B7E2BC417AD007F66D2 /* Preview Assets.xcassets */; };
		AD0B6B892BC417AD007F66D2 /* CookleTests.swift in Sources */ = {isa = PBXBuildFile; fileRef = AD0B6B882BC417AD007F66D2 /* CookleTests.swift */; };
		AD0B6B932BC417AD007F66D2 /* CookleUITests.swift in Sources */ = {isa = PBXBuildFile; fileRef = AD0B6B922BC417AD007F66D2 /* CookleUITests.swift */; };
		AD0B6B952BC417AD007F66D2 /* CookleUITestsLaunchTests.swift in Sources */ = {isa = PBXBuildFile; fileRef = AD0B6B942BC417AD007F66D2 /* CookleUITestsLaunchTests.swift */; };
		AD0B6BDA2BC5492F007F66D2 /* TagStore.swift in Sources */ = {isa = PBXBuildFile; fileRef = AD0B6BD92BC5492F007F66D2 /* TagStore.swift */; };
		AD0B6BDC2BC54943007F66D2 /* Tag.swift in Sources */ = {isa = PBXBuildFile; fileRef = AD0B6BDB2BC54943007F66D2 /* Tag.swift */; };
		AD0B6BDE2BC549C5007F66D2 /* RecipeView.swift in Sources */ = {isa = PBXBuildFile; fileRef = AD0B6BDD2BC549C5007F66D2 /* RecipeView.swift */; };
		AD0B6BE02BC549CF007F66D2 /* TagView.swift in Sources */ = {isa = PBXBuildFile; fileRef = AD0B6BDF2BC549CF007F66D2 /* TagView.swift */; };
		ADDBB4322BC560CD003B444F /* DiaryView.swift in Sources */ = {isa = PBXBuildFile; fileRef = ADDBB4312BC560CD003B444F /* DiaryView.swift */; };
		ADDBB4342BC79464003B444F /* PreviewData.swift in Sources */ = {isa = PBXBuildFile; fileRef = ADDBB4332BC79464003B444F /* PreviewData.swift */; };
/* End PBXBuildFile section */

/* Begin PBXContainerItemProxy section */
		AD0B6B852BC417AD007F66D2 /* PBXContainerItemProxy */ = {
			isa = PBXContainerItemProxy;
			containerPortal = AD0B6B6A2BC417AC007F66D2 /* Project object */;
			proxyType = 1;
			remoteGlobalIDString = AD0B6B712BC417AC007F66D2;
			remoteInfo = Cookle;
		};
		AD0B6B8F2BC417AD007F66D2 /* PBXContainerItemProxy */ = {
			isa = PBXContainerItemProxy;
			containerPortal = AD0B6B6A2BC417AC007F66D2 /* Project object */;
			proxyType = 1;
			remoteGlobalIDString = AD0B6B712BC417AC007F66D2;
			remoteInfo = Cookle;
		};
/* End PBXContainerItemProxy section */

/* Begin PBXFileReference section */
		AD0B6B722BC417AC007F66D2 /* Cookle.app */ = {isa = PBXFileReference; explicitFileType = wrapper.application; includeInIndex = 0; path = Cookle.app; sourceTree = BUILT_PRODUCTS_DIR; };
		AD0B6B752BC417AC007F66D2 /* CookleApp.swift */ = {isa = PBXFileReference; lastKnownFileType = sourcecode.swift; path = CookleApp.swift; sourceTree = "<group>"; };
		AD0B6B772BC417AC007F66D2 /* ContentView.swift */ = {isa = PBXFileReference; lastKnownFileType = sourcecode.swift; path = ContentView.swift; sourceTree = "<group>"; };
		AD0B6B792BC417AC007F66D2 /* Recipe.swift */ = {isa = PBXFileReference; lastKnownFileType = sourcecode.swift; path = Recipe.swift; sourceTree = "<group>"; };
		AD0B6B7B2BC417AD007F66D2 /* Assets.xcassets */ = {isa = PBXFileReference; lastKnownFileType = folder.assetcatalog; path = Assets.xcassets; sourceTree = "<group>"; };
		AD0B6B7E2BC417AD007F66D2 /* Preview Assets.xcassets */ = {isa = PBXFileReference; lastKnownFileType = folder.assetcatalog; path = "Preview Assets.xcassets"; sourceTree = "<group>"; };
		AD0B6B842BC417AD007F66D2 /* CookleTests.xctest */ = {isa = PBXFileReference; explicitFileType = wrapper.cfbundle; includeInIndex = 0; path = CookleTests.xctest; sourceTree = BUILT_PRODUCTS_DIR; };
		AD0B6B882BC417AD007F66D2 /* CookleTests.swift */ = {isa = PBXFileReference; lastKnownFileType = sourcecode.swift; path = CookleTests.swift; sourceTree = "<group>"; };
		AD0B6B8E2BC417AD007F66D2 /* CookleUITests.xctest */ = {isa = PBXFileReference; explicitFileType = wrapper.cfbundle; includeInIndex = 0; path = CookleUITests.xctest; sourceTree = BUILT_PRODUCTS_DIR; };
		AD0B6B922BC417AD007F66D2 /* CookleUITests.swift */ = {isa = PBXFileReference; lastKnownFileType = sourcecode.swift; path = CookleUITests.swift; sourceTree = "<group>"; };
		AD0B6B942BC417AD007F66D2 /* CookleUITestsLaunchTests.swift */ = {isa = PBXFileReference; lastKnownFileType = sourcecode.swift; path = CookleUITestsLaunchTests.swift; sourceTree = "<group>"; };
		AD0B6BD92BC5492F007F66D2 /* TagStore.swift */ = {isa = PBXFileReference; lastKnownFileType = sourcecode.swift; path = TagStore.swift; sourceTree = "<group>"; };
		AD0B6BDB2BC54943007F66D2 /* Tag.swift */ = {isa = PBXFileReference; lastKnownFileType = sourcecode.swift; path = Tag.swift; sourceTree = "<group>"; };
		AD0B6BDD2BC549C5007F66D2 /* RecipeView.swift */ = {isa = PBXFileReference; lastKnownFileType = sourcecode.swift; path = RecipeView.swift; sourceTree = "<group>"; };
		AD0B6BDF2BC549CF007F66D2 /* TagView.swift */ = {isa = PBXFileReference; lastKnownFileType = sourcecode.swift; path = TagView.swift; sourceTree = "<group>"; };
		ADDBB4312BC560CD003B444F /* DiaryView.swift */ = {isa = PBXFileReference; lastKnownFileType = sourcecode.swift; path = DiaryView.swift; sourceTree = "<group>"; };
		ADDBB4332BC79464003B444F /* PreviewData.swift */ = {isa = PBXFileReference; lastKnownFileType = sourcecode.swift; path = PreviewData.swift; sourceTree = "<group>"; };
/* End PBXFileReference section */

/* Begin PBXFrameworksBuildPhase section */
		AD0B6B6F2BC417AC007F66D2 /* Frameworks */ = {
			isa = PBXFrameworksBuildPhase;
			buildActionMask = 2147483647;
			files = (
			);
			runOnlyForDeploymentPostprocessing = 0;
		};
		AD0B6B812BC417AD007F66D2 /* Frameworks */ = {
			isa = PBXFrameworksBuildPhase;
			buildActionMask = 2147483647;
			files = (
			);
			runOnlyForDeploymentPostprocessing = 0;
		};
		AD0B6B8B2BC417AD007F66D2 /* Frameworks */ = {
			isa = PBXFrameworksBuildPhase;
			buildActionMask = 2147483647;
			files = (
			);
			runOnlyForDeploymentPostprocessing = 0;
		};
/* End PBXFrameworksBuildPhase section */

/* Begin PBXGroup section */
		AD0B6B692BC417AC007F66D2 = {
			isa = PBXGroup;
			children = (
				AD0B6B742BC417AC007F66D2 /* Cookle */,
				AD0B6B872BC417AD007F66D2 /* CookleTests */,
				AD0B6B912BC417AD007F66D2 /* CookleUITests */,
				AD0B6B732BC417AC007F66D2 /* Products */,
			);
			sourceTree = "<group>";
		};
		AD0B6B732BC417AC007F66D2 /* Products */ = {
			isa = PBXGroup;
			children = (
				AD0B6B722BC417AC007F66D2 /* Cookle.app */,
				AD0B6B842BC417AD007F66D2 /* CookleTests.xctest */,
				AD0B6B8E2BC417AD007F66D2 /* CookleUITests.xctest */,
			);
			name = Products;
			sourceTree = "<group>";
		};
		AD0B6B742BC417AC007F66D2 /* Cookle */ = {
			isa = PBXGroup;
			children = (
				AD0B6B752BC417AC007F66D2 /* CookleApp.swift */,
				AD0B6B772BC417AC007F66D2 /* ContentView.swift */,
				AD0B6BDD2BC549C5007F66D2 /* RecipeView.swift */,
				AD0B6BDF2BC549CF007F66D2 /* TagView.swift */,
				AD0B6B792BC417AC007F66D2 /* Recipe.swift */,
				AD0B6BD92BC5492F007F66D2 /* TagStore.swift */,
				AD0B6BDB2BC54943007F66D2 /* Tag.swift */,
				ADDBB4312BC560CD003B444F /* DiaryView.swift */,
				AD0B6B7B2BC417AD007F66D2 /* Assets.xcassets */,
				AD0B6B7D2BC417AD007F66D2 /* Preview Content */,
			);
			path = Cookle;
			sourceTree = "<group>";
		};
		AD0B6B7D2BC417AD007F66D2 /* Preview Content */ = {
			isa = PBXGroup;
			children = (
				AD0B6B7E2BC417AD007F66D2 /* Preview Assets.xcassets */,
				ADDBB4332BC79464003B444F /* PreviewData.swift */,
			);
			path = "Preview Content";
			sourceTree = "<group>";
		};
		AD0B6B872BC417AD007F66D2 /* CookleTests */ = {
			isa = PBXGroup;
			children = (
				AD0B6B882BC417AD007F66D2 /* CookleTests.swift */,
			);
			path = CookleTests;
			sourceTree = "<group>";
		};
		AD0B6B912BC417AD007F66D2 /* CookleUITests */ = {
			isa = PBXGroup;
			children = (
				AD0B6B922BC417AD007F66D2 /* CookleUITests.swift */,
				AD0B6B942BC417AD007F66D2 /* CookleUITestsLaunchTests.swift */,
			);
			path = CookleUITests;
			sourceTree = "<group>";
		};
/* End PBXGroup section */

/* Begin PBXNativeTarget section */
		AD0B6B712BC417AC007F66D2 /* Cookle */ = {
			isa = PBXNativeTarget;
			buildConfigurationList = AD0B6B982BC417AD007F66D2 /* Build configuration list for PBXNativeTarget "Cookle" */;
			buildPhases = (
				AD0B6B6E2BC417AC007F66D2 /* Sources */,
				AD0B6B6F2BC417AC007F66D2 /* Frameworks */,
				AD0B6B702BC417AC007F66D2 /* Resources */,
			);
			buildRules = (
			);
			dependencies = (
			);
			name = Cookle;
			productName = Cookle;
			productReference = AD0B6B722BC417AC007F66D2 /* Cookle.app */;
			productType = "com.apple.product-type.application";
		};
		AD0B6B832BC417AD007F66D2 /* CookleTests */ = {
			isa = PBXNativeTarget;
			buildConfigurationList = AD0B6B9B2BC417AD007F66D2 /* Build configuration list for PBXNativeTarget "CookleTests" */;
			buildPhases = (
				AD0B6B802BC417AD007F66D2 /* Sources */,
				AD0B6B812BC417AD007F66D2 /* Frameworks */,
				AD0B6B822BC417AD007F66D2 /* Resources */,
			);
			buildRules = (
			);
			dependencies = (
				AD0B6B862BC417AD007F66D2 /* PBXTargetDependency */,
			);
			name = CookleTests;
			productName = CookleTests;
			productReference = AD0B6B842BC417AD007F66D2 /* CookleTests.xctest */;
			productType = "com.apple.product-type.bundle.unit-test";
		};
		AD0B6B8D2BC417AD007F66D2 /* CookleUITests */ = {
			isa = PBXNativeTarget;
			buildConfigurationList = AD0B6B9E2BC417AD007F66D2 /* Build configuration list for PBXNativeTarget "CookleUITests" */;
			buildPhases = (
				AD0B6B8A2BC417AD007F66D2 /* Sources */,
				AD0B6B8B2BC417AD007F66D2 /* Frameworks */,
				AD0B6B8C2BC417AD007F66D2 /* Resources */,
			);
			buildRules = (
			);
			dependencies = (
				AD0B6B902BC417AD007F66D2 /* PBXTargetDependency */,
			);
			name = CookleUITests;
			productName = CookleUITests;
			productReference = AD0B6B8E2BC417AD007F66D2 /* CookleUITests.xctest */;
			productType = "com.apple.product-type.bundle.ui-testing";
		};
/* End PBXNativeTarget section */

/* Begin PBXProject section */
		AD0B6B6A2BC417AC007F66D2 /* Project object */ = {
			isa = PBXProject;
			attributes = {
				BuildIndependentTargetsInParallel = 1;
				LastSwiftUpdateCheck = 1530;
				LastUpgradeCheck = 1530;
				TargetAttributes = {
					AD0B6B712BC417AC007F66D2 = {
						CreatedOnToolsVersion = 15.3;
					};
					AD0B6B832BC417AD007F66D2 = {
						CreatedOnToolsVersion = 15.3;
						TestTargetID = AD0B6B712BC417AC007F66D2;
					};
					AD0B6B8D2BC417AD007F66D2 = {
						CreatedOnToolsVersion = 15.3;
						TestTargetID = AD0B6B712BC417AC007F66D2;
					};
				};
			};
			buildConfigurationList = AD0B6B6D2BC417AC007F66D2 /* Build configuration list for PBXProject "Cookle" */;
			compatibilityVersion = "Xcode 14.0";
			developmentRegion = en;
			hasScannedForEncodings = 0;
			knownRegions = (
				en,
				Base,
			);
			mainGroup = AD0B6B692BC417AC007F66D2;
			productRefGroup = AD0B6B732BC417AC007F66D2 /* Products */;
			projectDirPath = "";
			projectRoot = "";
			targets = (
				AD0B6B712BC417AC007F66D2 /* Cookle */,
				AD0B6B832BC417AD007F66D2 /* CookleTests */,
				AD0B6B8D2BC417AD007F66D2 /* CookleUITests */,
			);
		};
/* End PBXProject section */

/* Begin PBXResourcesBuildPhase section */
		AD0B6B702BC417AC007F66D2 /* Resources */ = {
			isa = PBXResourcesBuildPhase;
			buildActionMask = 2147483647;
			files = (
				AD0B6B7F2BC417AD007F66D2 /* Preview Assets.xcassets in Resources */,
				AD0B6B7C2BC417AD007F66D2 /* Assets.xcassets in Resources */,
			);
			runOnlyForDeploymentPostprocessing = 0;
		};
		AD0B6B822BC417AD007F66D2 /* Resources */ = {
			isa = PBXResourcesBuildPhase;
			buildActionMask = 2147483647;
			files = (
			);
			runOnlyForDeploymentPostprocessing = 0;
		};
		AD0B6B8C2BC417AD007F66D2 /* Resources */ = {
			isa = PBXResourcesBuildPhase;
			buildActionMask = 2147483647;
			files = (
			);
			runOnlyForDeploymentPostprocessing = 0;
		};
/* End PBXResourcesBuildPhase section */

/* Begin PBXSourcesBuildPhase section */
		AD0B6B6E2BC417AC007F66D2 /* Sources */ = {
			isa = PBXSourcesBuildPhase;
			buildActionMask = 2147483647;
			files = (
				AD0B6B782BC417AC007F66D2 /* ContentView.swift in Sources */,
				AD0B6BDE2BC549C5007F66D2 /* RecipeView.swift in Sources */,
				AD0B6B7A2BC417AC007F66D2 /* Recipe.swift in Sources */,
				AD0B6BDC2BC54943007F66D2 /* Tag.swift in Sources */,
				AD0B6BE02BC549CF007F66D2 /* TagView.swift in Sources */,
				ADDBB4342BC79464003B444F /* PreviewData.swift in Sources */,
				AD0B6BDA2BC5492F007F66D2 /* TagStore.swift in Sources */,
				ADDBB4322BC560CD003B444F /* DiaryView.swift in Sources */,
				AD0B6B762BC417AC007F66D2 /* CookleApp.swift in Sources */,
			);
			runOnlyForDeploymentPostprocessing = 0;
		};
		AD0B6B802BC417AD007F66D2 /* Sources */ = {
			isa = PBXSourcesBuildPhase;
			buildActionMask = 2147483647;
			files = (
				AD0B6B892BC417AD007F66D2 /* CookleTests.swift in Sources */,
			);
			runOnlyForDeploymentPostprocessing = 0;
		};
		AD0B6B8A2BC417AD007F66D2 /* Sources */ = {
			isa = PBXSourcesBuildPhase;
			buildActionMask = 2147483647;
			files = (
				AD0B6B932BC417AD007F66D2 /* CookleUITests.swift in Sources */,
				AD0B6B952BC417AD007F66D2 /* CookleUITestsLaunchTests.swift in Sources */,
			);
			runOnlyForDeploymentPostprocessing = 0;
		};
/* End PBXSourcesBuildPhase section */

/* Begin PBXTargetDependency section */
		AD0B6B862BC417AD007F66D2 /* PBXTargetDependency */ = {
			isa = PBXTargetDependency;
			target = AD0B6B712BC417AC007F66D2 /* Cookle */;
			targetProxy = AD0B6B852BC417AD007F66D2 /* PBXContainerItemProxy */;
		};
		AD0B6B902BC417AD007F66D2 /* PBXTargetDependency */ = {
			isa = PBXTargetDependency;
			target = AD0B6B712BC417AC007F66D2 /* Cookle */;
			targetProxy = AD0B6B8F2BC417AD007F66D2 /* PBXContainerItemProxy */;
		};
/* End PBXTargetDependency section */

/* Begin XCBuildConfiguration section */
		AD0B6B962BC417AD007F66D2 /* Debug */ = {
			isa = XCBuildConfiguration;
			buildSettings = {
				ALWAYS_SEARCH_USER_PATHS = NO;
				ASSETCATALOG_COMPILER_GENERATE_SWIFT_ASSET_SYMBOL_EXTENSIONS = YES;
				CLANG_ANALYZER_NONNULL = YES;
				CLANG_ANALYZER_NUMBER_OBJECT_CONVERSION = YES_AGGRESSIVE;
				CLANG_CXX_LANGUAGE_STANDARD = "gnu++20";
				CLANG_ENABLE_MODULES = YES;
				CLANG_ENABLE_OBJC_ARC = YES;
				CLANG_ENABLE_OBJC_WEAK = YES;
				CLANG_WARN_BLOCK_CAPTURE_AUTORELEASING = YES;
				CLANG_WARN_BOOL_CONVERSION = YES;
				CLANG_WARN_COMMA = YES;
				CLANG_WARN_CONSTANT_CONVERSION = YES;
				CLANG_WARN_DEPRECATED_OBJC_IMPLEMENTATIONS = YES;
				CLANG_WARN_DIRECT_OBJC_ISA_USAGE = YES_ERROR;
				CLANG_WARN_DOCUMENTATION_COMMENTS = YES;
				CLANG_WARN_EMPTY_BODY = YES;
				CLANG_WARN_ENUM_CONVERSION = YES;
				CLANG_WARN_INFINITE_RECURSION = YES;
				CLANG_WARN_INT_CONVERSION = YES;
				CLANG_WARN_NON_LITERAL_NULL_CONVERSION = YES;
				CLANG_WARN_OBJC_IMPLICIT_RETAIN_SELF = YES;
				CLANG_WARN_OBJC_LITERAL_CONVERSION = YES;
				CLANG_WARN_OBJC_ROOT_CLASS = YES_ERROR;
				CLANG_WARN_QUOTED_INCLUDE_IN_FRAMEWORK_HEADER = YES;
				CLANG_WARN_RANGE_LOOP_ANALYSIS = YES;
				CLANG_WARN_STRICT_PROTOTYPES = YES;
				CLANG_WARN_SUSPICIOUS_MOVE = YES;
				CLANG_WARN_UNGUARDED_AVAILABILITY = YES_AGGRESSIVE;
				CLANG_WARN_UNREACHABLE_CODE = YES;
				CLANG_WARN__DUPLICATE_METHOD_MATCH = YES;
				COPY_PHASE_STRIP = NO;
				DEBUG_INFORMATION_FORMAT = dwarf;
				ENABLE_STRICT_OBJC_MSGSEND = YES;
				ENABLE_TESTABILITY = YES;
				ENABLE_USER_SCRIPT_SANDBOXING = YES;
				GCC_C_LANGUAGE_STANDARD = gnu17;
				GCC_DYNAMIC_NO_PIC = NO;
				GCC_NO_COMMON_BLOCKS = YES;
				GCC_OPTIMIZATION_LEVEL = 0;
				GCC_PREPROCESSOR_DEFINITIONS = (
					"DEBUG=1",
					"$(inherited)",
				);
				GCC_WARN_64_TO_32_BIT_CONVERSION = YES;
				GCC_WARN_ABOUT_RETURN_TYPE = YES_ERROR;
				GCC_WARN_UNDECLARED_SELECTOR = YES;
				GCC_WARN_UNINITIALIZED_AUTOS = YES_AGGRESSIVE;
				GCC_WARN_UNUSED_FUNCTION = YES;
				GCC_WARN_UNUSED_VARIABLE = YES;
				IPHONEOS_DEPLOYMENT_TARGET = 17.4;
				LOCALIZATION_PREFERS_STRING_CATALOGS = YES;
				MTL_ENABLE_DEBUG_INFO = INCLUDE_SOURCE;
				MTL_FAST_MATH = YES;
				ONLY_ACTIVE_ARCH = YES;
				SDKROOT = iphoneos;
				SWIFT_ACTIVE_COMPILATION_CONDITIONS = "DEBUG $(inherited)";
				SWIFT_OPTIMIZATION_LEVEL = "-Onone";
			};
			name = Debug;
		};
		AD0B6B972BC417AD007F66D2 /* Release */ = {
			isa = XCBuildConfiguration;
			buildSettings = {
				ALWAYS_SEARCH_USER_PATHS = NO;
				ASSETCATALOG_COMPILER_GENERATE_SWIFT_ASSET_SYMBOL_EXTENSIONS = YES;
				CLANG_ANALYZER_NONNULL = YES;
				CLANG_ANALYZER_NUMBER_OBJECT_CONVERSION = YES_AGGRESSIVE;
				CLANG_CXX_LANGUAGE_STANDARD = "gnu++20";
				CLANG_ENABLE_MODULES = YES;
				CLANG_ENABLE_OBJC_ARC = YES;
				CLANG_ENABLE_OBJC_WEAK = YES;
				CLANG_WARN_BLOCK_CAPTURE_AUTORELEASING = YES;
				CLANG_WARN_BOOL_CONVERSION = YES;
				CLANG_WARN_COMMA = YES;
				CLANG_WARN_CONSTANT_CONVERSION = YES;
				CLANG_WARN_DEPRECATED_OBJC_IMPLEMENTATIONS = YES;
				CLANG_WARN_DIRECT_OBJC_ISA_USAGE = YES_ERROR;
				CLANG_WARN_DOCUMENTATION_COMMENTS = YES;
				CLANG_WARN_EMPTY_BODY = YES;
				CLANG_WARN_ENUM_CONVERSION = YES;
				CLANG_WARN_INFINITE_RECURSION = YES;
				CLANG_WARN_INT_CONVERSION = YES;
				CLANG_WARN_NON_LITERAL_NULL_CONVERSION = YES;
				CLANG_WARN_OBJC_IMPLICIT_RETAIN_SELF = YES;
				CLANG_WARN_OBJC_LITERAL_CONVERSION = YES;
				CLANG_WARN_OBJC_ROOT_CLASS = YES_ERROR;
				CLANG_WARN_QUOTED_INCLUDE_IN_FRAMEWORK_HEADER = YES;
				CLANG_WARN_RANGE_LOOP_ANALYSIS = YES;
				CLANG_WARN_STRICT_PROTOTYPES = YES;
				CLANG_WARN_SUSPICIOUS_MOVE = YES;
				CLANG_WARN_UNGUARDED_AVAILABILITY = YES_AGGRESSIVE;
				CLANG_WARN_UNREACHABLE_CODE = YES;
				CLANG_WARN__DUPLICATE_METHOD_MATCH = YES;
				COPY_PHASE_STRIP = NO;
				DEBUG_INFORMATION_FORMAT = "dwarf-with-dsym";
				ENABLE_NS_ASSERTIONS = NO;
				ENABLE_STRICT_OBJC_MSGSEND = YES;
				ENABLE_USER_SCRIPT_SANDBOXING = YES;
				GCC_C_LANGUAGE_STANDARD = gnu17;
				GCC_NO_COMMON_BLOCKS = YES;
				GCC_WARN_64_TO_32_BIT_CONVERSION = YES;
				GCC_WARN_ABOUT_RETURN_TYPE = YES_ERROR;
				GCC_WARN_UNDECLARED_SELECTOR = YES;
				GCC_WARN_UNINITIALIZED_AUTOS = YES_AGGRESSIVE;
				GCC_WARN_UNUSED_FUNCTION = YES;
				GCC_WARN_UNUSED_VARIABLE = YES;
				IPHONEOS_DEPLOYMENT_TARGET = 17.4;
				LOCALIZATION_PREFERS_STRING_CATALOGS = YES;
				MTL_ENABLE_DEBUG_INFO = NO;
				MTL_FAST_MATH = YES;
				SDKROOT = iphoneos;
				SWIFT_COMPILATION_MODE = wholemodule;
				VALIDATE_PRODUCT = YES;
			};
			name = Release;
		};
		AD0B6B992BC417AD007F66D2 /* Debug */ = {
			isa = XCBuildConfiguration;
			buildSettings = {
				ASSETCATALOG_COMPILER_APPICON_NAME = AppIcon;
				ASSETCATALOG_COMPILER_GLOBAL_ACCENT_COLOR_NAME = AccentColor;
				CODE_SIGN_STYLE = Automatic;
				CURRENT_PROJECT_VERSION = 1;
				DEVELOPMENT_ASSET_PATHS = "\"Cookle/Preview Content\"";
				DEVELOPMENT_TEAM = 66PKF55HK5;
				ENABLE_PREVIEWS = YES;
				GENERATE_INFOPLIST_FILE = YES;
				INFOPLIST_KEY_UIApplicationSceneManifest_Generation = YES;
				INFOPLIST_KEY_UIApplicationSupportsIndirectInputEvents = YES;
				INFOPLIST_KEY_UILaunchScreen_Generation = YES;
				INFOPLIST_KEY_UISupportedInterfaceOrientations_iPad = "UIInterfaceOrientationPortrait UIInterfaceOrientationPortraitUpsideDown UIInterfaceOrientationLandscapeLeft UIInterfaceOrientationLandscapeRight";
				INFOPLIST_KEY_UISupportedInterfaceOrientations_iPhone = "UIInterfaceOrientationPortrait UIInterfaceOrientationLandscapeLeft UIInterfaceOrientationLandscapeRight";
				LD_RUNPATH_SEARCH_PATHS = (
					"$(inherited)",
					"@executable_path/Frameworks",
				);
				MARKETING_VERSION = 1.0;
				PRODUCT_BUNDLE_IDENTIFIER = com.muhiro12.Cookle;
				PRODUCT_NAME = "$(TARGET_NAME)";
				SWIFT_EMIT_LOC_STRINGS = YES;
				SWIFT_VERSION = 5.0;
				TARGETED_DEVICE_FAMILY = "1,2";
			};
			name = Debug;
		};
		AD0B6B9A2BC417AD007F66D2 /* Release */ = {
			isa = XCBuildConfiguration;
			buildSettings = {
				ASSETCATALOG_COMPILER_APPICON_NAME = AppIcon;
				ASSETCATALOG_COMPILER_GLOBAL_ACCENT_COLOR_NAME = AccentColor;
				CODE_SIGN_STYLE = Automatic;
				CURRENT_PROJECT_VERSION = 1;
				DEVELOPMENT_ASSET_PATHS = "\"Cookle/Preview Content\"";
				DEVELOPMENT_TEAM = 66PKF55HK5;
				ENABLE_PREVIEWS = YES;
				GENERATE_INFOPLIST_FILE = YES;
				INFOPLIST_KEY_UIApplicationSceneManifest_Generation = YES;
				INFOPLIST_KEY_UIApplicationSupportsIndirectInputEvents = YES;
				INFOPLIST_KEY_UILaunchScreen_Generation = YES;
				INFOPLIST_KEY_UISupportedInterfaceOrientations_iPad = "UIInterfaceOrientationPortrait UIInterfaceOrientationPortraitUpsideDown UIInterfaceOrientationLandscapeLeft UIInterfaceOrientationLandscapeRight";
				INFOPLIST_KEY_UISupportedInterfaceOrientations_iPhone = "UIInterfaceOrientationPortrait UIInterfaceOrientationLandscapeLeft UIInterfaceOrientationLandscapeRight";
				LD_RUNPATH_SEARCH_PATHS = (
					"$(inherited)",
					"@executable_path/Frameworks",
				);
				MARKETING_VERSION = 1.0;
				PRODUCT_BUNDLE_IDENTIFIER = com.muhiro12.Cookle;
				PRODUCT_NAME = "$(TARGET_NAME)";
				SWIFT_EMIT_LOC_STRINGS = YES;
				SWIFT_VERSION = 5.0;
				TARGETED_DEVICE_FAMILY = "1,2";
			};
			name = Release;
		};
		AD0B6B9C2BC417AD007F66D2 /* Debug */ = {
			isa = XCBuildConfiguration;
			buildSettings = {
				ALWAYS_EMBED_SWIFT_STANDARD_LIBRARIES = YES;
				BUNDLE_LOADER = "$(TEST_HOST)";
				CODE_SIGN_STYLE = Automatic;
				CURRENT_PROJECT_VERSION = 1;
				DEVELOPMENT_TEAM = 66PKF55HK5;
				GENERATE_INFOPLIST_FILE = YES;
				IPHONEOS_DEPLOYMENT_TARGET = 17.4;
				MARKETING_VERSION = 1.0;
				PRODUCT_BUNDLE_IDENTIFIER = com.muhiro12.CookleTests;
				PRODUCT_NAME = "$(TARGET_NAME)";
				SWIFT_EMIT_LOC_STRINGS = NO;
				SWIFT_VERSION = 5.0;
				TARGETED_DEVICE_FAMILY = "1,2";
				TEST_HOST = "$(BUILT_PRODUCTS_DIR)/Cookle.app/$(BUNDLE_EXECUTABLE_FOLDER_PATH)/Cookle";
			};
			name = Debug;
		};
		AD0B6B9D2BC417AD007F66D2 /* Release */ = {
			isa = XCBuildConfiguration;
			buildSettings = {
				ALWAYS_EMBED_SWIFT_STANDARD_LIBRARIES = YES;
				BUNDLE_LOADER = "$(TEST_HOST)";
				CODE_SIGN_STYLE = Automatic;
				CURRENT_PROJECT_VERSION = 1;
				DEVELOPMENT_TEAM = 66PKF55HK5;
				GENERATE_INFOPLIST_FILE = YES;
				IPHONEOS_DEPLOYMENT_TARGET = 17.4;
				MARKETING_VERSION = 1.0;
				PRODUCT_BUNDLE_IDENTIFIER = com.muhiro12.CookleTests;
				PRODUCT_NAME = "$(TARGET_NAME)";
				SWIFT_EMIT_LOC_STRINGS = NO;
				SWIFT_VERSION = 5.0;
				TARGETED_DEVICE_FAMILY = "1,2";
				TEST_HOST = "$(BUILT_PRODUCTS_DIR)/Cookle.app/$(BUNDLE_EXECUTABLE_FOLDER_PATH)/Cookle";
			};
			name = Release;
		};
		AD0B6B9F2BC417AD007F66D2 /* Debug */ = {
			isa = XCBuildConfiguration;
			buildSettings = {
				ALWAYS_EMBED_SWIFT_STANDARD_LIBRARIES = YES;
				CODE_SIGN_STYLE = Automatic;
				CURRENT_PROJECT_VERSION = 1;
				DEVELOPMENT_TEAM = 66PKF55HK5;
				GENERATE_INFOPLIST_FILE = YES;
				MARKETING_VERSION = 1.0;
				PRODUCT_BUNDLE_IDENTIFIER = com.muhiro12.CookleUITests;
				PRODUCT_NAME = "$(TARGET_NAME)";
				SWIFT_EMIT_LOC_STRINGS = NO;
				SWIFT_VERSION = 5.0;
				TARGETED_DEVICE_FAMILY = "1,2";
				TEST_TARGET_NAME = Cookle;
			};
			name = Debug;
		};
		AD0B6BA02BC417AD007F66D2 /* Release */ = {
			isa = XCBuildConfiguration;
			buildSettings = {
				ALWAYS_EMBED_SWIFT_STANDARD_LIBRARIES = YES;
				CODE_SIGN_STYLE = Automatic;
				CURRENT_PROJECT_VERSION = 1;
				DEVELOPMENT_TEAM = 66PKF55HK5;
				GENERATE_INFOPLIST_FILE = YES;
				MARKETING_VERSION = 1.0;
				PRODUCT_BUNDLE_IDENTIFIER = com.muhiro12.CookleUITests;
				PRODUCT_NAME = "$(TARGET_NAME)";
				SWIFT_EMIT_LOC_STRINGS = NO;
				SWIFT_VERSION = 5.0;
				TARGETED_DEVICE_FAMILY = "1,2";
				TEST_TARGET_NAME = Cookle;
			};
			name = Release;
		};
/* End XCBuildConfiguration section */

/* Begin XCConfigurationList section */
		AD0B6B6D2BC417AC007F66D2 /* Build configuration list for PBXProject "Cookle" */ = {
			isa = XCConfigurationList;
			buildConfigurations = (
				AD0B6B962BC417AD007F66D2 /* Debug */,
				AD0B6B972BC417AD007F66D2 /* Release */,
			);
			defaultConfigurationIsVisible = 0;
			defaultConfigurationName = Release;
		};
		AD0B6B982BC417AD007F66D2 /* Build configuration list for PBXNativeTarget "Cookle" */ = {
			isa = XCConfigurationList;
			buildConfigurations = (
				AD0B6B992BC417AD007F66D2 /* Debug */,
				AD0B6B9A2BC417AD007F66D2 /* Release */,
			);
			defaultConfigurationIsVisible = 0;
			defaultConfigurationName = Release;
		};
		AD0B6B9B2BC417AD007F66D2 /* Build configuration list for PBXNativeTarget "CookleTests" */ = {
			isa = XCConfigurationList;
			buildConfigurations = (
				AD0B6B9C2BC417AD007F66D2 /* Debug */,
				AD0B6B9D2BC417AD007F66D2 /* Release */,
			);
			defaultConfigurationIsVisible = 0;
			defaultConfigurationName = Release;
		};
		AD0B6B9E2BC417AD007F66D2 /* Build configuration list for PBXNativeTarget "CookleUITests" */ = {
			isa = XCConfigurationList;
			buildConfigurations = (
				AD0B6B9F2BC417AD007F66D2 /* Debug */,
				AD0B6BA02BC417AD007F66D2 /* Release */,
			);
			defaultConfigurationIsVisible = 0;
			defaultConfigurationName = Release;
		};
/* End XCConfigurationList section */
	};
	rootObject = AD0B6B6A2BC417AC007F66D2 /* Project object */;
}
