{
  "pins" : [
    {
      "identity" : "swiftutilities",
      "kind" : "remoteSourceControl",
      "location" : "https://github.com/muhiro12/SwiftUtilities.git",
      "state" : {
        "revision" : "c9b5ceb7dacacd9b0e6cfdea52105a8a1af2ad8c",
        "version" : "1.0.0"
      }
    }
  ],
  "version" : 2
}
