{
  "pins" : [
    {
      "identity" : "swiftutilities",
      "kind" : "remoteSourceControl",
      "location" : "https://github.com/muhiro12/SwiftUtilities.git",
      "state" : {
        "revision" : "990ff842c7d007700b680b2a753a34a23761743c",
        "version" : "1.4.0"
      }
    }
  ],
  "version" : 2
}
