{
  "pins" : [
    {
      "identity" : "googlemobileadswrapper",
      "kind" : "remoteSourceControl",
      "location" : "https://github.com/muhiro12/GoogleMobileAdsWrapper.git",
      "state" : {
        "branch" : "main",
        "revision" : "a0d1c83de2b4c56b0cb63a90462e727f218f9a0a"
      }
    },
    {
      "identity" : "licenselist",
      "kind" : "remoteSourceControl",
      "location" : "https://github.com/cybozu/LicenseList.git",
      "state" : {
        "branch" : "main",
        "revision" : "8749050363ceb53049befb2f93e9905298edd1f1"
      }
    },
    {
      "identity" : "licenselistwrapper",
      "kind" : "remoteSourceControl",
      "location" : "https://github.com/muhiro12/LicenseListWrapper.git",
      "state" : {
        "branch" : "main",
        "revision" : "99a6f03dad771d80057644de4cdd1e162578094e"
      }
    },
    {
      "identity" : "storekitwrapper",
      "kind" : "remoteSourceControl",
      "location" : "https://github.com/muhiro12/StoreKitWrapper.git",
      "state" : {
        "branch" : "main",
        "revision" : "0a73e6ec9922a56359e41bde540431a7d57b2661"
      }
    },
    {
      "identity" : "swift-package-manager-google-mobile-ads",
      "kind" : "remoteSourceControl",
      "location" : "https://github.com/googleads/swift-package-manager-google-mobile-ads.git",
      "state" : {
        "branch" : "main",
        "revision" : "746253bf8803826e4de14c9e619739733ea8fb3b"
      }
    },
    {
      "identity" : "swift-package-manager-google-user-messaging-platform",
      "kind" : "remoteSourceControl",
      "location" : "https://github.com/googleads/swift-package-manager-google-user-messaging-platform.git",
      "state" : {
        "revision" : "9b68aa69fb508f0274853e226c734151a973c7b7",
        "version" : "2.4.0"
      }
    },
    {
      "identity" : "swiftutilities",
      "kind" : "remoteSourceControl",
      "location" : "https://github.com/muhiro12/SwiftUtilities.git",
      "state" : {
        "revision" : "c9b5ceb7dacacd9b0e6cfdea52105a8a1af2ad8c",
        "version" : "1.0.0"
      }
    }
  ],
  "version" : 2
}
