{
  "originHash" : "e98389a8daa954aa008e62be7047a0c864a1484250547162c8a5bfe4303a27b1",
  "pins" : [
    {
      "identity" : "googlemobileadswrapper",
      "kind" : "remoteSourceControl",
      "location" : "https://github.com/muhiro12/GoogleMobileAdsWrapper.git",
      "state" : {
        "branch" : "main",
        "revision" : "2110f4ed0a3a052b05b036b4c7b8de1790b764c9"
      }
    },
    {
      "identity" : "licenselist",
      "kind" : "remoteSourceControl",
      "location" : "https://github.com/cybozu/LicenseList.git",
      "state" : {
        "branch" : "main",
        "revision" : "8749050363ceb53049befb2f93e9905298edd1f1"
      }
    },
    {
      "identity" : "licenselistwrapper",
      "kind" : "remoteSourceControl",
      "location" : "https://github.com/muhiro12/LicenseListWrapper.git",
      "state" : {
        "branch" : "main",
        "revision" : "0213326ce46600b611d382e7ea083c0679e8c317"
      }
    },
    {
      "identity" : "swift-package-manager-google-mobile-ads",
      "kind" : "remoteSourceControl",
      "location" : "https://github.com/googleads/swift-package-manager-google-mobile-ads.git",
      "state" : {
        "branch" : "main",
        "revision" : "746253bf8803826e4de14c9e619739733ea8fb3b"
      }
    },
    {
      "identity" : "swift-package-manager-google-user-messaging-platform",
      "kind" : "remoteSourceControl",
      "location" : "https://github.com/googleads/swift-package-manager-google-user-messaging-platform.git",
      "state" : {
        "revision" : "9b68aa69fb508f0274853e226c734151a973c7b7",
        "version" : "2.4.0"
      }
    }
  ],
  "version" : 3
}
